// !$*UTF8*$!
{
	archiveVersion = 1;
	classes = {
	};
	objectVersion = 46;
	objects = {

/* Begin PBXBuildFile section */
		166232131F42297900B0202A /* AppDelegate.swift in Sources */ = {isa = PBXBuildFile; fileRef = 166232121F42297900B0202A /* AppDelegate.swift */; };
		166232151F42297900B0202A /* ViewController.swift in Sources */ = {isa = PBXBuildFile; fileRef = 166232141F42297900B0202A /* ViewController.swift */; };
		166232181F42297900B0202A /* Main.storyboard in Resources */ = {isa = PBXBuildFile; fileRef = 166232161F42297900B0202A /* Main.storyboard */; };
		1662321A1F42297900B0202A /* Assets.xcassets in Resources */ = {isa = PBXBuildFile; fileRef = 166232191F42297900B0202A /* Assets.xcassets */; };
		1662321D1F42297900B0202A /* LaunchScreen.storyboard in Resources */ = {isa = PBXBuildFile; fileRef = 1662321B1F42297900B0202A /* LaunchScreen.storyboard */; };
		166232281F42297900B0202A /* KTInstagramUIExampleProjectTests.swift in Sources */ = {isa = PBXBuildFile; fileRef = 166232271F42297900B0202A /* KTInstagramUIExampleProjectTests.swift */; };
		166232331F42299600B0202A /* Extensions.swift in Sources */ = {isa = PBXBuildFile; fileRef = 166232321F42299600B0202A /* Extensions.swift */; };
		166232351F4230DA00B0202A /* TopBarView.swift in Sources */ = {isa = PBXBuildFile; fileRef = 166232341F4230DA00B0202A /* TopBarView.swift */; };
		166232371F423A4800B0202A /* ButtonView.swift in Sources */ = {isa = PBXBuildFile; fileRef = 166232361F423A4800B0202A /* ButtonView.swift */; };
		166232391F423C0A00B0202A /* PostView.swift in Sources */ = {isa = PBXBuildFile; fileRef = 166232381F423C0A00B0202A /* PostView.swift */; };
		1662323B1F423FB100B0202A /* CommentsView.swift in Sources */ = {isa = PBXBuildFile; fileRef = 1662323A1F423FB100B0202A /* CommentsView.swift */; };
		166A292D1F43616C00C0E932 /* CustomViews.swift in Sources */ = {isa = PBXBuildFile; fileRef = 166A292C1F43616C00C0E932 /* CustomViews.swift */; };
/* End PBXBuildFile section */

/* Begin PBXContainerItemProxy section */
		166232241F42297900B0202A /* PBXContainerItemProxy */ = {
			isa = PBXContainerItemProxy;
			containerPortal = 166232071F42297900B0202A /* Project object */;
			proxyType = 1;
			remoteGlobalIDString = 1662320E1F42297900B0202A;
			remoteInfo = KTInstagramUIExampleProject;
		};
/* End PBXContainerItemProxy section */

/* Begin PBXFileReference section */
		1662320F1F42297900B0202A /* KTInstagramUIExampleProject.app */ = {isa = PBXFileReference; explicitFileType = wrapper.application; includeInIndex = 0; path = KTInstagramUIExampleProject.app; sourceTree = BUILT_PRODUCTS_DIR; };
		166232121F42297900B0202A /* AppDelegate.swift */ = {isa = PBXFileReference; lastKnownFileType = sourcecode.swift; path = AppDelegate.swift; sourceTree = "<group>"; };
		166232141F42297900B0202A /* ViewController.swift */ = {isa = PBXFileReference; lastKnownFileType = sourcecode.swift; path = ViewController.swift; sourceTree = "<group>"; };
		166232171F42297900B0202A /* Base */ = {isa = PBXFileReference; lastKnownFileType = file.storyboard; name = Base; path = Base.lproj/Main.storyboard; sourceTree = "<group>"; };
		166232191F42297900B0202A /* Assets.xcassets */ = {isa = PBXFileReference; lastKnownFileType = folder.assetcatalog; path = Assets.xcassets; sourceTree = "<group>"; };
		1662321C1F42297900B0202A /* Base */ = {isa = PBXFileReference; lastKnownFileType = file.storyboard; name = Base; path = Base.lproj/LaunchScreen.storyboard; sourceTree = "<group>"; };
		1662321E1F42297900B0202A /* Info.plist */ = {isa = PBXFileReference; lastKnownFileType = text.plist.xml; path = Info.plist; sourceTree = "<group>"; };
		166232231F42297900B0202A /* KTInstagramUIExampleProjectTests.xctest */ = {isa = PBXFileReference; explicitFileType = wrapper.cfbundle; includeInIndex = 0; path = KTInstagramUIExampleProjectTests.xctest; sourceTree = BUILT_PRODUCTS_DIR; };
		166232271F42297900B0202A /* KTInstagramUIExampleProjectTests.swift */ = {isa = PBXFileReference; lastKnownFileType = sourcecode.swift; path = KTInstagramUIExampleProjectTests.swift; sourceTree = "<group>"; };
		166232291F42297900B0202A /* Info.plist */ = {isa = PBXFileReference; lastKnownFileType = text.plist.xml; path = Info.plist; sourceTree = "<group>"; };
		166232321F42299600B0202A /* Extensions.swift */ = {isa = PBXFileReference; fileEncoding = 4; lastKnownFileType = sourcecode.swift; path = Extensions.swift; sourceTree = "<group>"; };
		166232341F4230DA00B0202A /* TopBarView.swift */ = {isa = PBXFileReference; fileEncoding = 4; lastKnownFileType = sourcecode.swift; path = TopBarView.swift; sourceTree = "<group>"; };
		166232361F423A4800B0202A /* ButtonView.swift */ = {isa = PBXFileReference; fileEncoding = 4; lastKnownFileType = sourcecode.swift; path = ButtonView.swift; sourceTree = "<group>"; };
		166232381F423C0A00B0202A /* PostView.swift */ = {isa = PBXFileReference; fileEncoding = 4; lastKnownFileType = sourcecode.swift; path = PostView.swift; sourceTree = "<group>"; };
		1662323A1F423FB100B0202A /* CommentsView.swift */ = {isa = PBXFileReference; fileEncoding = 4; lastKnownFileType = sourcecode.swift; path = CommentsView.swift; sourceTree = "<group>"; };
		166A292C1F43616C00C0E932 /* CustomViews.swift */ = {isa = PBXFileReference; fileEncoding = 4; lastKnownFileType = sourcecode.swift; path = CustomViews.swift; sourceTree = "<group>"; };
/* End PBXFileReference section */

/* Begin PBXFrameworksBuildPhase section */
		1662320C1F42297900B0202A /* Frameworks */ = {
			isa = PBXFrameworksBuildPhase;
			buildActionMask = 2147483647;
			files = (
			);
			runOnlyForDeploymentPostprocessing = 0;
		};
		166232201F42297900B0202A /* Frameworks */ = {
			isa = PBXFrameworksBuildPhase;
			buildActionMask = 2147483647;
			files = (
			);
			runOnlyForDeploymentPostprocessing = 0;
		};
/* End PBXFrameworksBuildPhase section */

/* Begin PBXGroup section */
		166232061F42297900B0202A = {
			isa = PBXGroup;
			children = (
				166232111F42297900B0202A /* KTInstagramUIExampleProject */,
				166232261F42297900B0202A /* KTInstagramUIExampleProjectTests */,
				166232101F42297900B0202A /* Products */,
			);
			sourceTree = "<group>";
		};
		166232101F42297900B0202A /* Products */ = {
			isa = PBXGroup;
			children = (
				1662320F1F42297900B0202A /* KTInstagramUIExampleProject.app */,
				166232231F42297900B0202A /* KTInstagramUIExampleProjectTests.xctest */,
			);
			name = Products;
			sourceTree = "<group>";
		};
		166232111F42297900B0202A /* KTInstagramUIExampleProject */ = {
			isa = PBXGroup;
			children = (
				1662323C1F4253A100B0202A /* Core */,
				166232321F42299600B0202A /* Extensions.swift */,
				166232141F42297900B0202A /* ViewController.swift */,
				166232381F423C0A00B0202A /* PostView.swift */,
				166232341F4230DA00B0202A /* TopBarView.swift */,
				166232361F423A4800B0202A /* ButtonView.swift */,
				1662323A1F423FB100B0202A /* CommentsView.swift */,
				166A292C1F43616C00C0E932 /* CustomViews.swift */,
			);
			path = KTInstagramUIExampleProject;
			sourceTree = "<group>";
		};
		166232261F42297900B0202A /* KTInstagramUIExampleProjectTests */ = {
			isa = PBXGroup;
			children = (
				166232271F42297900B0202A /* KTInstagramUIExampleProjectTests.swift */,
				166232291F42297900B0202A /* Info.plist */,
			);
			path = KTInstagramUIExampleProjectTests;
			sourceTree = "<group>";
		};
		1662323C1F4253A100B0202A /* Core */ = {
			isa = PBXGroup;
			children = (
				166232121F42297900B0202A /* AppDelegate.swift */,
				166232161F42297900B0202A /* Main.storyboard */,
				166232191F42297900B0202A /* Assets.xcassets */,
				1662321B1F42297900B0202A /* LaunchScreen.storyboard */,
				1662321E1F42297900B0202A /* Info.plist */,
			);
			name = Core;
			sourceTree = "<group>";
		};
/* End PBXGroup section */

/* Begin PBXNativeTarget section */
		1662320E1F42297900B0202A /* KTInstagramUIExampleProject */ = {
			isa = PBXNativeTarget;
			buildConfigurationList = 1662322C1F42297900B0202A /* Build configuration list for PBXNativeTarget "KTInstagramUIExampleProject" */;
			buildPhases = (
				1662320B1F42297900B0202A /* Sources */,
				1662320C1F42297900B0202A /* Frameworks */,
				1662320D1F42297900B0202A /* Resources */,
			);
			buildRules = (
			);
			dependencies = (
			);
			name = KTInstagramUIExampleProject;
			productName = KTInstagramUIExampleProject;
			productReference = 1662320F1F42297900B0202A /* KTInstagramUIExampleProject.app */;
			productType = "com.apple.product-type.application";
		};
		166232221F42297900B0202A /* KTInstagramUIExampleProjectTests */ = {
			isa = PBXNativeTarget;
			buildConfigurationList = 1662322F1F42297900B0202A /* Build configuration list for PBXNativeTarget "KTInstagramUIExampleProjectTests" */;
			buildPhases = (
				1662321F1F42297900B0202A /* Sources */,
				166232201F42297900B0202A /* Frameworks */,
				166232211F42297900B0202A /* Resources */,
			);
			buildRules = (
			);
			dependencies = (
				166232251F42297900B0202A /* PBXTargetDependency */,
			);
			name = KTInstagramUIExampleProjectTests;
			productName = KTInstagramUIExampleProjectTests;
			productReference = 166232231F42297900B0202A /* KTInstagramUIExampleProjectTests.xctest */;
			productType = "com.apple.product-type.bundle.unit-test";
		};
/* End PBXNativeTarget section */

/* Begin PBXProject section */
		166232071F42297900B0202A /* Project object */ = {
			isa = PBXProject;
			attributes = {
				LastSwiftUpdateCheck = 0830;
				LastUpgradeCheck = 0900;
				ORGANIZATIONNAME = "Koala Tea";
				TargetAttributes = {
					1662320E1F42297900B0202A = {
						CreatedOnToolsVersion = 8.3.2;
						DevelopmentTeam = 6MS9QWALYV;
						LastSwiftMigration = 0900;
						ProvisioningStyle = Automatic;
					};
					166232221F42297900B0202A = {
						CreatedOnToolsVersion = 8.3.2;
						DevelopmentTeam = 6MS9QWALYV;
						LastSwiftMigration = 0900;
						ProvisioningStyle = Automatic;
						TestTargetID = 1662320E1F42297900B0202A;
					};
				};
			};
			buildConfigurationList = 1662320A1F42297900B0202A /* Build configuration list for PBXProject "KTInstagramUIExampleProject" */;
			compatibilityVersion = "Xcode 3.2";
			developmentRegion = English;
			hasScannedForEncodings = 0;
			knownRegions = (
				en,
				Base,
			);
			mainGroup = 166232061F42297900B0202A;
			productRefGroup = 166232101F42297900B0202A /* Products */;
			projectDirPath = "";
			projectRoot = "";
			targets = (
				1662320E1F42297900B0202A /* KTInstagramUIExampleProject */,
				166232221F42297900B0202A /* KTInstagramUIExampleProjectTests */,
			);
		};
/* End PBXProject section */

/* Begin PBXResourcesBuildPhase section */
		1662320D1F42297900B0202A /* Resources */ = {
			isa = PBXResourcesBuildPhase;
			buildActionMask = 2147483647;
			files = (
				1662321D1F42297900B0202A /* LaunchScreen.storyboard in Resources */,
				1662321A1F42297900B0202A /* Assets.xcassets in Resources */,
				166232181F42297900B0202A /* Main.storyboard in Resources */,
			);
			runOnlyForDeploymentPostprocessing = 0;
		};
		166232211F42297900B0202A /* Resources */ = {
			isa = PBXResourcesBuildPhase;
			buildActionMask = 2147483647;
			files = (
			);
			runOnlyForDeploymentPostprocessing = 0;
		};
/* End PBXResourcesBuildPhase section */

/* Begin PBXSourcesBuildPhase section */
		1662320B1F42297900B0202A /* Sources */ = {
			isa = PBXSourcesBuildPhase;
			buildActionMask = 2147483647;
			files = (
				166232151F42297900B0202A /* ViewController.swift in Sources */,
				166232331F42299600B0202A /* Extensions.swift in Sources */,
				166232371F423A4800B0202A /* ButtonView.swift in Sources */,
				166232351F4230DA00B0202A /* TopBarView.swift in Sources */,
				166232391F423C0A00B0202A /* PostView.swift in Sources */,
				166A292D1F43616C00C0E932 /* CustomViews.swift in Sources */,
				166232131F42297900B0202A /* AppDelegate.swift in Sources */,
				1662323B1F423FB100B0202A /* CommentsView.swift in Sources */,
			);
			runOnlyForDeploymentPostprocessing = 0;
		};
		1662321F1F42297900B0202A /* Sources */ = {
			isa = PBXSourcesBuildPhase;
			buildActionMask = 2147483647;
			files = (
				166232281F42297900B0202A /* KTInstagramUIExampleProjectTests.swift in Sources */,
			);
			runOnlyForDeploymentPostprocessing = 0;
		};
/* End PBXSourcesBuildPhase section */

/* Begin PBXTargetDependency section */
		166232251F42297900B0202A /* PBXTargetDependency */ = {
			isa = PBXTargetDependency;
			target = 1662320E1F42297900B0202A /* KTInstagramUIExampleProject */;
			targetProxy = 166232241F42297900B0202A /* PBXContainerItemProxy */;
		};
/* End PBXTargetDependency section */

/* Begin PBXVariantGroup section */
		166232161F42297900B0202A /* Main.storyboard */ = {
			isa = PBXVariantGroup;
			children = (
				166232171F42297900B0202A /* Base */,
			);
			name = Main.storyboard;
			sourceTree = "<group>";
		};
		1662321B1F42297900B0202A /* LaunchScreen.storyboard */ = {
			isa = PBXVariantGroup;
			children = (
				1662321C1F42297900B0202A /* Base */,
			);
			name = LaunchScreen.storyboard;
			sourceTree = "<group>";
		};
/* End PBXVariantGroup section */

/* Begin XCBuildConfiguration section */
		1662322A1F42297900B0202A /* Debug */ = {
			isa = XCBuildConfiguration;
			buildSettings = {
				ALWAYS_SEARCH_USER_PATHS = NO;
				CLANG_ANALYZER_NONNULL = YES;
				CLANG_ANALYZER_NUMBER_OBJECT_CONVERSION = YES_AGGRESSIVE;
				CLANG_CXX_LANGUAGE_STANDARD = "gnu++0x";
				CLANG_CXX_LIBRARY = "libc++";
				CLANG_ENABLE_MODULES = YES;
				CLANG_ENABLE_OBJC_ARC = YES;
				CLANG_WARN_BLOCK_CAPTURE_AUTORELEASING = YES;
				CLANG_WARN_BOOL_CONVERSION = YES;
				CLANG_WARN_COMMA = YES;
				CLANG_WARN_CONSTANT_CONVERSION = YES;
				CLANG_WARN_DIRECT_OBJC_ISA_USAGE = YES_ERROR;
				CLANG_WARN_DOCUMENTATION_COMMENTS = YES;
				CLANG_WARN_EMPTY_BODY = YES;
				CLANG_WARN_ENUM_CONVERSION = YES;
				CLANG_WARN_INFINITE_RECURSION = YES;
				CLANG_WARN_INT_CONVERSION = YES;
				CLANG_WARN_NON_LITERAL_NULL_CONVERSION = YES;
				CLANG_WARN_OBJC_LITERAL_CONVERSION = YES;
				CLANG_WARN_OBJC_ROOT_CLASS = YES_ERROR;
				CLANG_WARN_RANGE_LOOP_ANALYSIS = YES;
				CLANG_WARN_STRICT_PROTOTYPES = YES;
				CLANG_WARN_SUSPICIOUS_MOVE = YES;
				CLANG_WARN_UNREACHABLE_CODE = YES;
				CLANG_WARN__DUPLICATE_METHOD_MATCH = YES;
				"CODE_SIGN_IDENTITY[sdk=iphoneos*]" = "iPhone Developer";
				COPY_PHASE_STRIP = NO;
				DEBUG_INFORMATION_FORMAT = dwarf;
				ENABLE_STRICT_OBJC_MSGSEND = YES;
				ENABLE_TESTABILITY = YES;
				GCC_C_LANGUAGE_STANDARD = gnu99;
				GCC_DYNAMIC_NO_PIC = NO;
				GCC_NO_COMMON_BLOCKS = YES;
				GCC_OPTIMIZATION_LEVEL = 0;
				GCC_PREPROCESSOR_DEFINITIONS = (
					"DEBUG=1",
					"$(inherited)",
				);
				GCC_WARN_64_TO_32_BIT_CONVERSION = YES;
				GCC_WARN_ABOUT_RETURN_TYPE = YES_ERROR;
				GCC_WARN_UNDECLARED_SELECTOR = YES;
				GCC_WARN_UNINITIALIZED_AUTOS = YES_AGGRESSIVE;
				GCC_WARN_UNUSED_FUNCTION = YES;
				GCC_WARN_UNUSED_VARIABLE = YES;
				IPHONEOS_DEPLOYMENT_TARGET = 10.3;
				MTL_ENABLE_DEBUG_INFO = YES;
				ONLY_ACTIVE_ARCH = YES;
				SDKROOT = iphoneos;
				SWIFT_ACTIVE_COMPILATION_CONDITIONS = DEBUG;
				SWIFT_OPTIMIZATION_LEVEL = "-Onone";
				SWIFT_SWIFT3_OBJC_INFERENCE = Off;
				TARGETED_DEVICE_FAMILY = "1,2";
			};
			name = Debug;
		};
		1662322B1F42297900B0202A /* Release */ = {
			isa = XCBuildConfiguration;
			buildSettings = {
				ALWAYS_SEARCH_USER_PATHS = NO;
				CLANG_ANALYZER_NONNULL = YES;
				CLANG_ANALYZER_NUMBER_OBJECT_CONVERSION = YES_AGGRESSIVE;
				CLANG_CXX_LANGUAGE_STANDARD = "gnu++0x";
				CLANG_CXX_LIBRARY = "libc++";
				CLANG_ENABLE_MODULES = YES;
				CLANG_ENABLE_OBJC_ARC = YES;
				CLANG_WARN_BLOCK_CAPTURE_AUTORELEASING = YES;
				CLANG_WARN_BOOL_CONVERSION = YES;
				CLANG_WARN_COMMA = YES;
				CLANG_WARN_CONSTANT_CONVERSION = YES;
				CLANG_WARN_DIRECT_OBJC_ISA_USAGE = YES_ERROR;
				CLANG_WARN_DOCUMENTATION_COMMENTS = YES;
				CLANG_WARN_EMPTY_BODY = YES;
				CLANG_WARN_ENUM_CONVERSION = YES;
				CLANG_WARN_INFINITE_RECURSION = YES;
				CLANG_WARN_INT_CONVERSION = YES;
				CLANG_WARN_NON_LITERAL_NULL_CONVERSION = YES;
				CLANG_WARN_OBJC_LITERAL_CONVERSION = YES;
				CLANG_WARN_OBJC_ROOT_CLASS = YES_ERROR;
				CLANG_WARN_RANGE_LOOP_ANALYSIS = YES;
				CLANG_WARN_STRICT_PROTOTYPES = YES;
				CLANG_WARN_SUSPICIOUS_MOVE = YES;
				CLANG_WARN_UNREACHABLE_CODE = YES;
				CLANG_WARN__DUPLICATE_METHOD_MATCH = YES;
				"CODE_SIGN_IDENTITY[sdk=iphoneos*]" = "iPhone Developer";
				COPY_PHASE_STRIP = NO;
				DEBUG_INFORMATION_FORMAT = "dwarf-with-dsym";
				ENABLE_NS_ASSERTIONS = NO;
				ENABLE_STRICT_OBJC_MSGSEND = YES;
				GCC_C_LANGUAGE_STANDARD = gnu99;
				GCC_NO_COMMON_BLOCKS = YES;
				GCC_WARN_64_TO_32_BIT_CONVERSION = YES;
				GCC_WARN_ABOUT_RETURN_TYPE = YES_ERROR;
				GCC_WARN_UNDECLARED_SELECTOR = YES;
				GCC_WARN_UNINITIALIZED_AUTOS = YES_AGGRESSIVE;
				GCC_WARN_UNUSED_FUNCTION = YES;
				GCC_WARN_UNUSED_VARIABLE = YES;
				IPHONEOS_DEPLOYMENT_TARGET = 10.3;
				MTL_ENABLE_DEBUG_INFO = NO;
				SDKROOT = iphoneos;
				SWIFT_OPTIMIZATION_LEVEL = "-Owholemodule";
				SWIFT_SWIFT3_OBJC_INFERENCE = Off;
				TARGETED_DEVICE_FAMILY = "1,2";
				VALIDATE_PRODUCT = YES;
			};
			name = Release;
		};
		1662322D1F42297900B0202A /* Debug */ = {
			isa = XCBuildConfiguration;
			buildSettings = {
				ASSETCATALOG_COMPILER_APPICON_NAME = AppIcon;
				DEVELOPMENT_TEAM = 6MS9QWALYV;
				INFOPLIST_FILE = KTInstagramUIExampleProject/Info.plist;
				LD_RUNPATH_SEARCH_PATHS = "$(inherited) @executable_path/Frameworks";
				PRODUCT_BUNDLE_IDENTIFIER = "koala-tea.KTInstagramUIExampleProject";
				PRODUCT_NAME = "$(TARGET_NAME)";
				SWIFT_SWIFT3_OBJC_INFERENCE = Off;
				SWIFT_VERSION = 4.0;
			};
			name = Debug;
		};
		1662322E1F42297900B0202A /* Release */ = {
			isa = XCBuildConfiguration;
			buildSettings = {
				ASSETCATALOG_COMPILER_APPICON_NAME = AppIcon;
				DEVELOPMENT_TEAM = 6MS9QWALYV;
				INFOPLIST_FILE = KTInstagramUIExampleProject/Info.plist;
				LD_RUNPATH_SEARCH_PATHS = "$(inherited) @executable_path/Frameworks";
				PRODUCT_BUNDLE_IDENTIFIER = "koala-tea.KTInstagramUIExampleProject";
				PRODUCT_NAME = "$(TARGET_NAME)";
				SWIFT_SWIFT3_OBJC_INFERENCE = Off;
				SWIFT_VERSION = 4.0;
			};
			name = Release;
		};
		166232301F42297900B0202A /* Debug */ = {
			isa = XCBuildConfiguration;
			buildSettings = {
				ALWAYS_EMBED_SWIFT_STANDARD_LIBRARIES = YES;
				BUNDLE_LOADER = "$(TEST_HOST)";
				DEVELOPMENT_TEAM = 6MS9QWALYV;
				INFOPLIST_FILE = KTInstagramUIExampleProjectTests/Info.plist;
				LD_RUNPATH_SEARCH_PATHS = "$(inherited) @executable_path/Frameworks @loader_path/Frameworks";
				PRODUCT_BUNDLE_IDENTIFIER = "koala-tea.KTInstagramUIExampleProjectTests";
				PRODUCT_NAME = "$(TARGET_NAME)";
				SWIFT_SWIFT3_OBJC_INFERENCE = Off;
				SWIFT_VERSION = 4.0;
				TEST_HOST = "$(BUILT_PRODUCTS_DIR)/KTInstagramUIExampleProject.app/KTInstagramUIExampleProject";
			};
			name = Debug;
		};
		166232311F42297900B0202A /* Release */ = {
			isa = XCBuildConfiguration;
			buildSettings = {
				ALWAYS_EMBED_SWIFT_STANDARD_LIBRARIES = YES;
				BUNDLE_LOADER = "$(TEST_HOST)";
				DEVELOPMENT_TEAM = 6MS9QWALYV;
				INFOPLIST_FILE = KTInstagramUIExampleProjectTests/Info.plist;
				LD_RUNPATH_SEARCH_PATHS = "$(inherited) @executable_path/Frameworks @loader_path/Frameworks";
				PRODUCT_BUNDLE_IDENTIFIER = "koala-tea.KTInstagramUIExampleProjectTests";
				PRODUCT_NAME = "$(TARGET_NAME)";
				SWIFT_SWIFT3_OBJC_INFERENCE = Off;
				SWIFT_VERSION = 4.0;
				TEST_HOST = "$(BUILT_PRODUCTS_DIR)/KTInstagramUIExampleProject.app/KTInstagramUIExampleProject";
			};
			name = Release;
		};
/* End XCBuildConfiguration section */

/* Begin XCConfigurationList section */
		1662320A1F42297900B0202A /* Build configuration list for PBXProject "KTInstagramUIExampleProject" */ = {
			isa = XCConfigurationList;
			buildConfigurations = (
				1662322A1F42297900B0202A /* Debug */,
				1662322B1F42297900B0202A /* Release */,
			);
			defaultConfigurationIsVisible = 0;
			defaultConfigurationName = Release;
		};
		1662322C1F42297900B0202A /* Build configuration list for PBXNativeTarget "KTInstagramUIExampleProject" */ = {
			isa = XCConfigurationList;
			buildConfigurations = (
				1662322D1F42297900B0202A /* Debug */,
				1662322E1F42297900B0202A /* Release */,
			);
			defaultConfigurationIsVisible = 0;
			defaultConfigurationName = Release;
		};
		1662322F1F42297900B0202A /* Build configuration list for PBXNativeTarget "KTInstagramUIExampleProjectTests" */ = {
			isa = XCConfigurationList;
			buildConfigurations = (
				166232301F42297900B0202A /* Debug */,
				166232311F42297900B0202A /* Release */,
			);
			defaultConfigurationIsVisible = 0;
			defaultConfigurationName = Release;
		};
/* End XCConfigurationList section */
	};
	rootObject = 166232071F42297900B0202A /* Project object */;
}
